github.com/smallnest/ringbuffer v0.0.0-20210227121335-0a58434b36f2 h1:co1YnJJ6rDvcodJzcXObchJMfHclIROMulsWObuNfTY=
github.com/smallnest/ringbuffer v0.0.0-20210227121335-0a58434b36f2/go.mod h1:mXcZNMJHswhQDDJZIjdtJoG97JIwIa/HdcHNM3w15T0=
github.com/thinkeridea/go-extend v1.3.2 h1:0ZImRXpJc+wBNIrNEMbTuKwIvJ6eFoeuNAewvzONrI0=
github.com/thinkeridea/go-extend v1.3.2/go.mod h1:xqN1e3y1PdVSij1VZp6iPKlO8I4jLbS8CUuTySj981g=
